
Microsoft Visual Studio Solution File, Format Version 12.00
# Visual Studio Version 17
VisualStudioVersion = 17.12.35707.178
MinimumVisualStudioVersion = 10.0.40219.1
Project("{FAE04EC0-301F-11D3-BF4B-00C04F79EFBC}") = "dokumansistem", "dokumansistem.csproj", "{27A4AAC3-F5EA-4367-9641-5519D0E36FC1}"
EndProject
Project("{FAE04EC0-301F-11D3-BF4B-00C04F79EFBC}") = "DokumanSistem.Core", "..\DokumanSistem.Core\DokumanSistem.Core.csproj", "{CEF429A0-BDAD-42BD-850D-901A344A6488}"
EndProject
Project("{FAE04EC0-301F-11D3-BF4B-00C04F79EFBC}") = "DokumanSistem.Data", "..\DokumanSistem.Data\DokumanSistem.Data.csproj", "{238230FE-BAB0-4A45-926A-C5CA699A4533}"
EndProject
Project("{FAE04EC0-301F-11D3-BF4B-00C04F79EFBC}") = "DokumanSistem.Business", "..\DokumanSistem.Business\DokumanSistem.Business.csproj", "{5FEB1914-B6FF-4A6B-822B-10A4FE46BC27}"
EndProject
Project("{FAE04EC0-301F-11D3-BF4B-00C04F79EFBC}") = "DokumanSistem.API", "..\DokumanSistem.API\DokumanSistem.API.csproj", "{611DCF05-CF52-484E-B5EB-9620DE2BB8EF}"
EndProject
Global
	GlobalSection(SolutionConfigurationPlatforms) = preSolution
		Debug|Any CPU = Debug|Any CPU
		Release|Any CPU = Release|Any CPU
	EndGlobalSection
	GlobalSection(ProjectConfigurationPlatforms) = postSolution
		{27A4AAC3-F5EA-4367-9641-5519D0E36FC1}.Debug|Any CPU.ActiveCfg = Debug|Any CPU
		{27A4AAC3-F5EA-4367-9641-5519D0E36FC1}.Debug|Any CPU.Build.0 = Debug|Any CPU
		{27A4AAC3-F5EA-4367-9641-5519D0E36FC1}.Release|Any CPU.ActiveCfg = Release|Any CPU
		{27A4AAC3-F5EA-4367-9641-5519D0E36FC1}.Release|Any CPU.Build.0 = Release|Any CPU
		{CEF429A0-BDAD-42BD-850D-901A344A6488}.Debug|Any CPU.ActiveCfg = Debug|Any CPU
		{CEF429A0-BDAD-42BD-850D-901A344A6488}.Debug|Any CPU.Build.0 = Debug|Any CPU
		{CEF429A0-BDAD-42BD-850D-901A344A6488}.Release|Any CPU.ActiveCfg = Release|Any CPU
		{CEF429A0-BDAD-42BD-850D-901A344A6488}.Release|Any CPU.Build.0 = Release|Any CPU
		{238230FE-BAB0-4A45-926A-C5CA699A4533}.Debug|Any CPU.ActiveCfg = Debug|Any CPU
		{238230FE-BAB0-4A45-926A-C5CA699A4533}.Debug|Any CPU.Build.0 = Debug|Any CPU
		{238230FE-BAB0-4A45-926A-C5CA699A4533}.Release|Any CPU.ActiveCfg = Release|Any CPU
		{238230FE-BAB0-4A45-926A-C5CA699A4533}.Release|Any CPU.Build.0 = Release|Any CPU
		{5FEB1914-B6FF-4A6B-822B-10A4FE46BC27}.Debug|Any CPU.ActiveCfg = Debug|Any CPU
		{5FEB1914-B6FF-4A6B-822B-10A4FE46BC27}.Debug|Any CPU.Build.0 = Debug|Any CPU
		{5FEB1914-B6FF-4A6B-822B-10A4FE46BC27}.Release|Any CPU.ActiveCfg = Release|Any CPU
		{5FEB1914-B6FF-4A6B-822B-10A4FE46BC27}.Release|Any CPU.Build.0 = Release|Any CPU
		{611DCF05-CF52-484E-B5EB-9620DE2BB8EF}.Debug|Any CPU.ActiveCfg = Debug|Any CPU
		{611DCF05-CF52-484E-B5EB-9620DE2BB8EF}.Debug|Any CPU.Build.0 = Debug|Any CPU
		{611DCF05-CF52-484E-B5EB-9620DE2BB8EF}.Release|Any CPU.ActiveCfg = Release|Any CPU
		{611DCF05-CF52-484E-B5EB-9620DE2BB8EF}.Release|Any CPU.Build.0 = Release|Any CPU
	EndGlobalSection
	GlobalSection(SolutionProperties) = preSolution
		HideSolutionNode = FALSE
	EndGlobalSection
	GlobalSection(ExtensibilityGlobals) = postSolution
		SolutionGuid = {6F4F485F-E8F4-4D69-9F74-6DF678A5D71A}
	EndGlobalSection
EndGlobal
